
Microsoft Visual Studio Solution File, Format Version 12.00
# Visual Studio Version 17
VisualStudioVersion = 17.5.33502.453
MinimumVisualStudioVersion = 10.0.40219.1
Project("{FAE04EC0-301F-11D3-BF4B-00C04F79EFBC}") = "OpenSSLUniversalPatcher", "src/OpenSSLUniversalPatcher/OpenSSLUniversalPatcher.csproj", "{C5539661-1EB7-4AD5-96AC-5A3433AB135F}"
EndProject
Global
	GlobalSection(SolutionConfigurationPlatforms) = preSolution
		Debug|Any CPU = Debug|Any CPU
		Release|Any CPU = Release|Any CPU
	EndGlobalSection
	GlobalSection(ProjectConfigurationPlatforms) = postSolution
		{C5539661-1EB7-4AD5-96AC-5A3433AB135F}.Debug|Any CPU.ActiveCfg = Debug|Any CPU
		{C5539661-1EB7-4AD5-96AC-5A3433AB135F}.Debug|Any CPU.Build.0 = Debug|Any CPU
		{C5539661-1EB7-4AD5-96AC-5A3433AB135F}.Release|Any CPU.ActiveCfg = Release|Any CPU
		{C5539661-1EB7-4AD5-96AC-5A3433AB135F}.Release|Any CPU.Build.0 = Release|Any CPU
	EndGlobalSection
	GlobalSection(SolutionProperties) = preSolution
		HideSolutionNode = FALSE
	EndGlobalSection
	GlobalSection(ExtensibilityGlobals) = postSolution
		SolutionGuid = {7D130688-3238-43DB-AE94-2CB8C0507C0F}
	EndGlobalSection
EndGlobal
